// !$*UTF8*$!
{
	archiveVersion = 1;
	classes = {
	};
	objectVersion = 55;
	objects = {

/* Begin PBXBuildFile section */
		217DE9FC28FA4685A76178B5 /* Pods_SportsAppITI.framework in Frameworks */ = {isa = PBXBuildFile; fileRef = C8D5A7D0CB54CF40B334ABDD /* Pods_SportsAppITI.framework */; };
		A405A9A227C6C316002698D5 /* AppDelegate.swift in Sources */ = {isa = PBXBuildFile; fileRef = A405A9A127C6C316002698D5 /* AppDelegate.swift */; };
		A405A9A427C6C316002698D5 /* SceneDelegate.swift in Sources */ = {isa = PBXBuildFile; fileRef = A405A9A327C6C316002698D5 /* SceneDelegate.swift */; };
		A405A9A927C6C316002698D5 /* Main.storyboard in Resources */ = {isa = PBXBuildFile; fileRef = A405A9A727C6C316002698D5 /* Main.storyboard */; };
		A405A9AC27C6C316002698D5 /* SportsAppITI.xcdatamodeld in Sources */ = {isa = PBXBuildFile; fileRef = A405A9AA27C6C316002698D5 /* SportsAppITI.xcdatamodeld */; };
		A405A9AE27C6C318002698D5 /* Assets.xcassets in Resources */ = {isa = PBXBuildFile; fileRef = A405A9AD27C6C318002698D5 /* Assets.xcassets */; };
		A405A9B127C6C318002698D5 /* LaunchScreen.storyboard in Resources */ = {isa = PBXBuildFile; fileRef = A405A9AF27C6C318002698D5 /* LaunchScreen.storyboard */; };
		A45AB1D127C76F870066F777 /* WebServices.swift in Sources */ = {isa = PBXBuildFile; fileRef = A45AB1D027C76F870066F777 /* WebServices.swift */; };
		A45AB1D427C7744E0066F777 /* SportsModel.swift in Sources */ = {isa = PBXBuildFile; fileRef = A45AB1D327C7744E0066F777 /* SportsModel.swift */; };
		A45AB1D927C77EAB0066F777 /* URLs.swift in Sources */ = {isa = PBXBuildFile; fileRef = A45AB1D827C77EAB0066F777 /* URLs.swift */; };
		A45E7B3527C6CA230083C134 /* SportsVC.swift in Sources */ = {isa = PBXBuildFile; fileRef = A45E7B3427C6CA230083C134 /* SportsVC.swift */; };
		A45E7B3727C6CA490083C134 /* SportsVM.swift in Sources */ = {isa = PBXBuildFile; fileRef = A45E7B3627C6CA490083C134 /* SportsVM.swift */; };
		A45E7B3A27C6CB3E0083C134 /* FavouratesVC.swift in Sources */ = {isa = PBXBuildFile; fileRef = A45E7B3927C6CB3E0083C134 /* FavouratesVC.swift */; };
		A45E7B3C27C6CB4F0083C134 /* FavouratesVM.swift in Sources */ = {isa = PBXBuildFile; fileRef = A45E7B3B27C6CB4F0083C134 /* FavouratesVM.swift */; };
		A45E7B4027C6CE1F0083C134 /* SportsCell.swift in Sources */ = {isa = PBXBuildFile; fileRef = A45E7B3E27C6CE1F0083C134 /* SportsCell.swift */; };
		A45E7B4127C6CE1F0083C134 /* SportsCell.xib in Resources */ = {isa = PBXBuildFile; fileRef = A45E7B3F27C6CE1F0083C134 /* SportsCell.xib */; };
		A496EE6527C7D1A600869933 /* LeguesVC.swift in Sources */ = {isa = PBXBuildFile; fileRef = A496EE6427C7D1A600869933 /* LeguesVC.swift */; };
		A496EE6727C7D1C000869933 /* LeguesVM.swift in Sources */ = {isa = PBXBuildFile; fileRef = A496EE6627C7D1C000869933 /* LeguesVM.swift */; };
		A496EE6927C7D82500869933 /* LeaguesModel.swift in Sources */ = {isa = PBXBuildFile; fileRef = A496EE6827C7D82500869933 /* LeaguesModel.swift */; };
		A496EE6D27C7E0FA00869933 /* LeagueCell.swift in Sources */ = {isa = PBXBuildFile; fileRef = A496EE6B27C7E0FA00869933 /* LeagueCell.swift */; };
		A496EE6E27C7E0FA00869933 /* LeagueCell.xib in Resources */ = {isa = PBXBuildFile; fileRef = A496EE6C27C7E0FA00869933 /* LeagueCell.xib */; };
/* End PBXBuildFile section */

/* Begin PBXFileReference section */
		8B8A46D97B952CBCF83CC85D /* Pods-SportsAppITI.debug.xcconfig */ = {isa = PBXFileReference; includeInIndex = 1; lastKnownFileType = text.xcconfig; name = "Pods-SportsAppITI.debug.xcconfig"; path = "Target Support Files/Pods-SportsAppITI/Pods-SportsAppITI.debug.xcconfig"; sourceTree = "<group>"; };
		A405A99E27C6C316002698D5 /* SportsAppITI.app */ = {isa = PBXFileReference; explicitFileType = wrapper.application; includeInIndex = 0; path = SportsAppITI.app; sourceTree = BUILT_PRODUCTS_DIR; };
		A405A9A127C6C316002698D5 /* AppDelegate.swift */ = {isa = PBXFileReference; lastKnownFileType = sourcecode.swift; path = AppDelegate.swift; sourceTree = "<group>"; };
		A405A9A327C6C316002698D5 /* SceneDelegate.swift */ = {isa = PBXFileReference; lastKnownFileType = sourcecode.swift; path = SceneDelegate.swift; sourceTree = "<group>"; };
		A405A9A827C6C316002698D5 /* Base */ = {isa = PBXFileReference; lastKnownFileType = file.storyboard; name = Base; path = Base.lproj/Main.storyboard; sourceTree = "<group>"; };
		A405A9AB27C6C316002698D5 /* SportsAppITI.xcdatamodel */ = {isa = PBXFileReference; lastKnownFileType = wrapper.xcdatamodel; path = SportsAppITI.xcdatamodel; sourceTree = "<group>"; };
		A405A9AD27C6C318002698D5 /* Assets.xcassets */ = {isa = PBXFileReference; lastKnownFileType = folder.assetcatalog; path = Assets.xcassets; sourceTree = "<group>"; };
		A405A9B027C6C318002698D5 /* Base */ = {isa = PBXFileReference; lastKnownFileType = file.storyboard; name = Base; path = Base.lproj/LaunchScreen.storyboard; sourceTree = "<group>"; };
		A405A9B227C6C318002698D5 /* Info.plist */ = {isa = PBXFileReference; lastKnownFileType = text.plist.xml; path = Info.plist; sourceTree = "<group>"; };
		A45AB1D027C76F870066F777 /* WebServices.swift */ = {isa = PBXFileReference; lastKnownFileType = sourcecode.swift; path = WebServices.swift; sourceTree = "<group>"; };
		A45AB1D327C7744E0066F777 /* SportsModel.swift */ = {isa = PBXFileReference; lastKnownFileType = sourcecode.swift; path = SportsModel.swift; sourceTree = "<group>"; };
		A45AB1D827C77EAB0066F777 /* URLs.swift */ = {isa = PBXFileReference; lastKnownFileType = sourcecode.swift; path = URLs.swift; sourceTree = "<group>"; };
		A45E7B3427C6CA230083C134 /* SportsVC.swift */ = {isa = PBXFileReference; lastKnownFileType = sourcecode.swift; path = SportsVC.swift; sourceTree = "<group>"; };
		A45E7B3627C6CA490083C134 /* SportsVM.swift */ = {isa = PBXFileReference; lastKnownFileType = sourcecode.swift; path = SportsVM.swift; sourceTree = "<group>"; };
		A45E7B3927C6CB3E0083C134 /* FavouratesVC.swift */ = {isa = PBXFileReference; lastKnownFileType = sourcecode.swift; path = FavouratesVC.swift; sourceTree = "<group>"; };
		A45E7B3B27C6CB4F0083C134 /* FavouratesVM.swift */ = {isa = PBXFileReference; lastKnownFileType = sourcecode.swift; path = FavouratesVM.swift; sourceTree = "<group>"; };
		A45E7B3E27C6CE1F0083C134 /* SportsCell.swift */ = {isa = PBXFileReference; lastKnownFileType = sourcecode.swift; path = SportsCell.swift; sourceTree = "<group>"; };
		A45E7B3F27C6CE1F0083C134 /* SportsCell.xib */ = {isa = PBXFileReference; lastKnownFileType = file.xib; path = SportsCell.xib; sourceTree = "<group>"; };
		A496EE6427C7D1A600869933 /* LeguesVC.swift */ = {isa = PBXFileReference; lastKnownFileType = sourcecode.swift; path = LeguesVC.swift; sourceTree = "<group>"; };
		A496EE6627C7D1C000869933 /* LeguesVM.swift */ = {isa = PBXFileReference; lastKnownFileType = sourcecode.swift; path = LeguesVM.swift; sourceTree = "<group>"; };
		A496EE6827C7D82500869933 /* LeaguesModel.swift */ = {isa = PBXFileReference; lastKnownFileType = sourcecode.swift; path = LeaguesModel.swift; sourceTree = "<group>"; };
		A496EE6B27C7E0FA00869933 /* LeagueCell.swift */ = {isa = PBXFileReference; lastKnownFileType = sourcecode.swift; path = LeagueCell.swift; sourceTree = "<group>"; };
		A496EE6C27C7E0FA00869933 /* LeagueCell.xib */ = {isa = PBXFileReference; lastKnownFileType = file.xib; path = LeagueCell.xib; sourceTree = "<group>"; };
		BB99E4A6D4A03C0E195C652B /* Pods-SportsAppITI.release.xcconfig */ = {isa = PBXFileReference; includeInIndex = 1; lastKnownFileType = text.xcconfig; name = "Pods-SportsAppITI.release.xcconfig"; path = "Target Support Files/Pods-SportsAppITI/Pods-SportsAppITI.release.xcconfig"; sourceTree = "<group>"; };
		C8D5A7D0CB54CF40B334ABDD /* Pods_SportsAppITI.framework */ = {isa = PBXFileReference; explicitFileType = wrapper.framework; includeInIndex = 0; path = Pods_SportsAppITI.framework; sourceTree = BUILT_PRODUCTS_DIR; };
/* End PBXFileReference section */

/* Begin PBXFrameworksBuildPhase section */
		A405A99B27C6C316002698D5 /* Frameworks */ = {
			isa = PBXFrameworksBuildPhase;
			buildActionMask = 2147483647;
			files = (
				217DE9FC28FA4685A76178B5 /* Pods_SportsAppITI.framework in Frameworks */,
			);
			runOnlyForDeploymentPostprocessing = 0;
		};
/* End PBXFrameworksBuildPhase section */

/* Begin PBXGroup section */
		06027EC9A4CA4EDC4533A9C0 /* Pods */ = {
			isa = PBXGroup;
			children = (
				8B8A46D97B952CBCF83CC85D /* Pods-SportsAppITI.debug.xcconfig */,
				BB99E4A6D4A03C0E195C652B /* Pods-SportsAppITI.release.xcconfig */,
			);
			path = Pods;
			sourceTree = "<group>";
		};
		42713997A4DF0748F213F578 /* Frameworks */ = {
			isa = PBXGroup;
			children = (
				C8D5A7D0CB54CF40B334ABDD /* Pods_SportsAppITI.framework */,
			);
			name = Frameworks;
			sourceTree = "<group>";
		};
		A405A99527C6C316002698D5 = {
			isa = PBXGroup;
			children = (
				A405A9A027C6C316002698D5 /* SportsAppITI */,
				A405A99F27C6C316002698D5 /* Products */,
				06027EC9A4CA4EDC4533A9C0 /* Pods */,
				42713997A4DF0748F213F578 /* Frameworks */,
			);
			sourceTree = "<group>";
		};
		A405A99F27C6C316002698D5 /* Products */ = {
			isa = PBXGroup;
			children = (
				A405A99E27C6C316002698D5 /* SportsAppITI.app */,
			);
			name = Products;
			sourceTree = "<group>";
		};
		A405A9A027C6C316002698D5 /* SportsAppITI */ = {
			isa = PBXGroup;
			children = (
				A496EE6327C7D17900869933 /* LeguesScreen */,
				A496EE6227C7D12500869933 /* Views */,
				A45AB1D527C77E420066F777 /* Utilities */,
				A45AB1D227C771920066F777 /* Models */,
				A45AB1CF27C76F660066F777 /* Services */,
				A45E7B3827C6CAF40083C134 /* FavouratesTab */,
				A45E7B3327C6C9EF0083C134 /* SportsTab */,
				A405A9A127C6C316002698D5 /* AppDelegate.swift */,
				A405A9A327C6C316002698D5 /* SceneDelegate.swift */,
				A405A9A727C6C316002698D5 /* Main.storyboard */,
				A405A9AD27C6C318002698D5 /* Assets.xcassets */,
				A405A9AF27C6C318002698D5 /* LaunchScreen.storyboard */,
				A405A9B227C6C318002698D5 /* Info.plist */,
				A405A9AA27C6C316002698D5 /* SportsAppITI.xcdatamodeld */,
			);
			path = SportsAppITI;
			sourceTree = "<group>";
		};
		A45AB1CF27C76F660066F777 /* Services */ = {
			isa = PBXGroup;
			children = (
				A45AB1D027C76F870066F777 /* WebServices.swift */,
			);
			path = Services;
			sourceTree = "<group>";
		};
		A45AB1D227C771920066F777 /* Models */ = {
			isa = PBXGroup;
			children = (
				A45AB1D327C7744E0066F777 /* SportsModel.swift */,
				A496EE6827C7D82500869933 /* LeaguesModel.swift */,
			);
			path = Models;
			sourceTree = "<group>";
		};
		A45AB1D527C77E420066F777 /* Utilities */ = {
			isa = PBXGroup;
			children = (
				A45AB1D827C77EAB0066F777 /* URLs.swift */,
			);
			path = Utilities;
			sourceTree = "<group>";
		};
		A45E7B3327C6C9EF0083C134 /* SportsTab */ = {
			isa = PBXGroup;
			children = (
				A45E7B3427C6CA230083C134 /* SportsVC.swift */,
				A45E7B3627C6CA490083C134 /* SportsVM.swift */,
			);
			path = SportsTab;
			sourceTree = "<group>";
		};
		A45E7B3827C6CAF40083C134 /* FavouratesTab */ = {
			isa = PBXGroup;
			children = (
				A45E7B3927C6CB3E0083C134 /* FavouratesVC.swift */,
				A45E7B3B27C6CB4F0083C134 /* FavouratesVM.swift */,
			);
			path = FavouratesTab;
			sourceTree = "<group>";
		};
		A45E7B3D27C6CE010083C134 /* SportsCell */ = {
			isa = PBXGroup;
			children = (
				A45E7B3E27C6CE1F0083C134 /* SportsCell.swift */,
				A45E7B3F27C6CE1F0083C134 /* SportsCell.xib */,
			);
			path = SportsCell;
			sourceTree = "<group>";
		};
		A496EE6227C7D12500869933 /* Views */ = {
			isa = PBXGroup;
			children = (
				A496EE6A27C7E0D200869933 /* LeagueCell */,
				A45E7B3D27C6CE010083C134 /* SportsCell */,
			);
			path = Views;
			sourceTree = "<group>";
		};
		A496EE6327C7D17900869933 /* LeguesScreen */ = {
			isa = PBXGroup;
			children = (
				A496EE6427C7D1A600869933 /* LeguesVC.swift */,
				A496EE6627C7D1C000869933 /* LeguesVM.swift */,
			);
			path = LeguesScreen;
			sourceTree = "<group>";
		};
		A496EE6A27C7E0D200869933 /* LeagueCell */ = {
			isa = PBXGroup;
			children = (
				A496EE6B27C7E0FA00869933 /* LeagueCell.swift */,
				A496EE6C27C7E0FA00869933 /* LeagueCell.xib */,
			);
			path = LeagueCell;
			sourceTree = "<group>";
		};
/* End PBXGroup section */

/* Begin PBXNativeTarget section */
		A405A99D27C6C316002698D5 /* SportsAppITI */ = {
			isa = PBXNativeTarget;
			buildConfigurationList = A405A9B527C6C318002698D5 /* Build configuration list for PBXNativeTarget "SportsAppITI" */;
			buildPhases = (
				9CBF73AF561C5883053C7B96 /* [CP] Check Pods Manifest.lock */,
				A405A99A27C6C316002698D5 /* Sources */,
				A405A99B27C6C316002698D5 /* Frameworks */,
				A405A99C27C6C316002698D5 /* Resources */,
				03747263579EF351C958097B /* [CP] Embed Pods Frameworks */,
			);
			buildRules = (
			);
			dependencies = (
			);
			name = SportsAppITI;
			productName = SportsAppITI;
			productReference = A405A99E27C6C316002698D5 /* SportsAppITI.app */;
			productType = "com.apple.product-type.application";
		};
/* End PBXNativeTarget section */

/* Begin PBXProject section */
		A405A99627C6C316002698D5 /* Project object */ = {
			isa = PBXProject;
			attributes = {
				BuildIndependentTargetsInParallel = 1;
				LastSwiftUpdateCheck = 1320;
				LastUpgradeCheck = 1320;
				TargetAttributes = {
					A405A99D27C6C316002698D5 = {
						CreatedOnToolsVersion = 13.2.1;
					};
				};
			};
			buildConfigurationList = A405A99927C6C316002698D5 /* Build configuration list for PBXProject "SportsAppITI" */;
			compatibilityVersion = "Xcode 13.0";
			developmentRegion = en;
			hasScannedForEncodings = 0;
			knownRegions = (
				en,
				Base,
			);
			mainGroup = A405A99527C6C316002698D5;
			productRefGroup = A405A99F27C6C316002698D5 /* Products */;
			projectDirPath = "";
			projectRoot = "";
			targets = (
				A405A99D27C6C316002698D5 /* SportsAppITI */,
			);
		};
/* End PBXProject section */

/* Begin PBXResourcesBuildPhase section */
		A405A99C27C6C316002698D5 /* Resources */ = {
			isa = PBXResourcesBuildPhase;
			buildActionMask = 2147483647;
			files = (
				A405A9B127C6C318002698D5 /* LaunchScreen.storyboard in Resources */,
				A405A9AE27C6C318002698D5 /* Assets.xcassets in Resources */,
				A45E7B4127C6CE1F0083C134 /* SportsCell.xib in Resources */,
				A405A9A927C6C316002698D5 /* Main.storyboard in Resources */,
				A496EE6E27C7E0FA00869933 /* LeagueCell.xib in Resources */,
			);
			runOnlyForDeploymentPostprocessing = 0;
		};
/* End PBXResourcesBuildPhase section */

/* Begin PBXShellScriptBuildPhase section */
		03747263579EF351C958097B /* [CP] Embed Pods Frameworks */ = {
			isa = PBXShellScriptBuildPhase;
			buildActionMask = 2147483647;
			files = (
			);
			inputFileListPaths = (
				"${PODS_ROOT}/Target Support Files/Pods-SportsAppITI/Pods-SportsAppITI-frameworks-${CONFIGURATION}-input-files.xcfilelist",
			);
			name = "[CP] Embed Pods Frameworks";
			outputFileListPaths = (
				"${PODS_ROOT}/Target Support Files/Pods-SportsAppITI/Pods-SportsAppITI-frameworks-${CONFIGURATION}-output-files.xcfilelist",
			);
			runOnlyForDeploymentPostprocessing = 0;
			shellPath = /bin/sh;
			shellScript = "\"${PODS_ROOT}/Target Support Files/Pods-SportsAppITI/Pods-SportsAppITI-frameworks.sh\"\n";
			showEnvVarsInLog = 0;
		};
		9CBF73AF561C5883053C7B96 /* [CP] Check Pods Manifest.lock */ = {
			isa = PBXShellScriptBuildPhase;
			buildActionMask = 2147483647;
			files = (
			);
			inputFileListPaths = (
			);
			inputPaths = (
				"${PODS_PODFILE_DIR_PATH}/Podfile.lock",
				"${PODS_ROOT}/Manifest.lock",
			);
			name = "[CP] Check Pods Manifest.lock";
			outputFileListPaths = (
			);
			outputPaths = (
				"$(DERIVED_FILE_DIR)/Pods-SportsAppITI-checkManifestLockResult.txt",
			);
			runOnlyForDeploymentPostprocessing = 0;
			shellPath = /bin/sh;
			shellScript = "diff \"${PODS_PODFILE_DIR_PATH}/Podfile.lock\" \"${PODS_ROOT}/Manifest.lock\" > /dev/null\nif [ $? != 0 ] ; then\n    # print error to STDERR\n    echo \"error: The sandbox is not in sync with the Podfile.lock. Run 'pod install' or update your CocoaPods installation.\" >&2\n    exit 1\nfi\n# This output is used by Xcode 'outputs' to avoid re-running this script phase.\necho \"SUCCESS\" > \"${SCRIPT_OUTPUT_FILE_0}\"\n";
			showEnvVarsInLog = 0;
		};
/* End PBXShellScriptBuildPhase section */

/* Begin PBXSourcesBuildPhase section */
		A405A99A27C6C316002698D5 /* Sources */ = {
			isa = PBXSourcesBuildPhase;
			buildActionMask = 2147483647;
			files = (
				A45AB1D427C7744E0066F777 /* SportsModel.swift in Sources */,
				A405A9A227C6C316002698D5 /* AppDelegate.swift in Sources */,
				A45E7B3527C6CA230083C134 /* SportsVC.swift in Sources */,
				A496EE6527C7D1A600869933 /* LeguesVC.swift in Sources */,
				A496EE6D27C7E0FA00869933 /* LeagueCell.swift in Sources */,
				A45AB1D927C77EAB0066F777 /* URLs.swift in Sources */,
				A45E7B3C27C6CB4F0083C134 /* FavouratesVM.swift in Sources */,
				A45E7B3A27C6CB3E0083C134 /* FavouratesVC.swift in Sources */,
				A45E7B3727C6CA490083C134 /* SportsVM.swift in Sources */,
				A405A9A427C6C316002698D5 /* SceneDelegate.swift in Sources */,
				A45E7B4027C6CE1F0083C134 /* SportsCell.swift in Sources */,
				A496EE6927C7D82500869933 /* LeaguesModel.swift in Sources */,
				A496EE6727C7D1C000869933 /* LeguesVM.swift in Sources */,
				A405A9AC27C6C316002698D5 /* SportsAppITI.xcdatamodeld in Sources */,
				A45AB1D127C76F870066F777 /* WebServices.swift in Sources */,
			);
			runOnlyForDeploymentPostprocessing = 0;
		};
/* End PBXSourcesBuildPhase section */

/* Begin PBXVariantGroup section */
		A405A9A727C6C316002698D5 /* Main.storyboard */ = {
			isa = PBXVariantGroup;
			children = (
				A405A9A827C6C316002698D5 /* Base */,
			);
			name = Main.storyboard;
			sourceTree = "<group>";
		};
		A405A9AF27C6C318002698D5 /* LaunchScreen.storyboard */ = {
			isa = PBXVariantGroup;
			children = (
				A405A9B027C6C318002698D5 /* Base */,
			);
			name = LaunchScreen.storyboard;
			sourceTree = "<group>";
		};
/* End PBXVariantGroup section */

/* Begin XCBuildConfiguration section */
		A405A9B327C6C318002698D5 /* Debug */ = {
			isa = XCBuildConfiguration;
			buildSettings = {
				ALWAYS_SEARCH_USER_PATHS = NO;
				CLANG_ANALYZER_NONNULL = YES;
				CLANG_ANALYZER_NUMBER_OBJECT_CONVERSION = YES_AGGRESSIVE;
				CLANG_CXX_LANGUAGE_STANDARD = "gnu++17";
				CLANG_CXX_LIBRARY = "libc++";
				CLANG_ENABLE_MODULES = YES;
				CLANG_ENABLE_OBJC_ARC = YES;
				CLANG_ENABLE_OBJC_WEAK = YES;
				CLANG_WARN_BLOCK_CAPTURE_AUTORELEASING = YES;
				CLANG_WARN_BOOL_CONVERSION = YES;
				CLANG_WARN_COMMA = YES;
				CLANG_WARN_CONSTANT_CONVERSION = YES;
				CLANG_WARN_DEPRECATED_OBJC_IMPLEMENTATIONS = YES;
				CLANG_WARN_DIRECT_OBJC_ISA_USAGE = YES_ERROR;
				CLANG_WARN_DOCUMENTATION_COMMENTS = YES;
				CLANG_WARN_EMPTY_BODY = YES;
				CLANG_WARN_ENUM_CONVERSION = YES;
				CLANG_WARN_INFINITE_RECURSION = YES;
				CLANG_WARN_INT_CONVERSION = YES;
				CLANG_WARN_NON_LITERAL_NULL_CONVERSION = YES;
				CLANG_WARN_OBJC_IMPLICIT_RETAIN_SELF = YES;
				CLANG_WARN_OBJC_LITERAL_CONVERSION = YES;
				CLANG_WARN_OBJC_ROOT_CLASS = YES_ERROR;
				CLANG_WARN_QUOTED_INCLUDE_IN_FRAMEWORK_HEADER = YES;
				CLANG_WARN_RANGE_LOOP_ANALYSIS = YES;
				CLANG_WARN_STRICT_PROTOTYPES = YES;
				CLANG_WARN_SUSPICIOUS_MOVE = YES;
				CLANG_WARN_UNGUARDED_AVAILABILITY = YES_AGGRESSIVE;
				CLANG_WARN_UNREACHABLE_CODE = YES;
				CLANG_WARN__DUPLICATE_METHOD_MATCH = YES;
				COPY_PHASE_STRIP = NO;
				DEBUG_INFORMATION_FORMAT = dwarf;
				ENABLE_STRICT_OBJC_MSGSEND = YES;
				ENABLE_TESTABILITY = YES;
				GCC_C_LANGUAGE_STANDARD = gnu11;
				GCC_DYNAMIC_NO_PIC = NO;
				GCC_NO_COMMON_BLOCKS = YES;
				GCC_OPTIMIZATION_LEVEL = 0;
				GCC_PREPROCESSOR_DEFINITIONS = (
					"DEBUG=1",
					"$(inherited)",
				);
				GCC_WARN_64_TO_32_BIT_CONVERSION = YES;
				GCC_WARN_ABOUT_RETURN_TYPE = YES_ERROR;
				GCC_WARN_UNDECLARED_SELECTOR = YES;
				GCC_WARN_UNINITIALIZED_AUTOS = YES_AGGRESSIVE;
				GCC_WARN_UNUSED_FUNCTION = YES;
				GCC_WARN_UNUSED_VARIABLE = YES;
				IPHONEOS_DEPLOYMENT_TARGET = 15.2;
				MTL_ENABLE_DEBUG_INFO = INCLUDE_SOURCE;
				MTL_FAST_MATH = YES;
				ONLY_ACTIVE_ARCH = YES;
				SDKROOT = iphoneos;
				SWIFT_ACTIVE_COMPILATION_CONDITIONS = DEBUG;
				SWIFT_OPTIMIZATION_LEVEL = "-Onone";
			};
			name = Debug;
		};
		A405A9B427C6C318002698D5 /* Release */ = {
			isa = XCBuildConfiguration;
			buildSettings = {
				ALWAYS_SEARCH_USER_PATHS = NO;
				CLANG_ANALYZER_NONNULL = YES;
				CLANG_ANALYZER_NUMBER_OBJECT_CONVERSION = YES_AGGRESSIVE;
				CLANG_CXX_LANGUAGE_STANDARD = "gnu++17";
				CLANG_CXX_LIBRARY = "libc++";
				CLANG_ENABLE_MODULES = YES;
				CLANG_ENABLE_OBJC_ARC = YES;
				CLANG_ENABLE_OBJC_WEAK = YES;
				CLANG_WARN_BLOCK_CAPTURE_AUTORELEASING = YES;
				CLANG_WARN_BOOL_CONVERSION = YES;
				CLANG_WARN_COMMA = YES;
				CLANG_WARN_CONSTANT_CONVERSION = YES;
				CLANG_WARN_DEPRECATED_OBJC_IMPLEMENTATIONS = YES;
				CLANG_WARN_DIRECT_OBJC_ISA_USAGE = YES_ERROR;
				CLANG_WARN_DOCUMENTATION_COMMENTS = YES;
				CLANG_WARN_EMPTY_BODY = YES;
				CLANG_WARN_ENUM_CONVERSION = YES;
				CLANG_WARN_INFINITE_RECURSION = YES;
				CLANG_WARN_INT_CONVERSION = YES;
				CLANG_WARN_NON_LITERAL_NULL_CONVERSION = YES;
				CLANG_WARN_OBJC_IMPLICIT_RETAIN_SELF = YES;
				CLANG_WARN_OBJC_LITERAL_CONVERSION = YES;
				CLANG_WARN_OBJC_ROOT_CLASS = YES_ERROR;
				CLANG_WARN_QUOTED_INCLUDE_IN_FRAMEWORK_HEADER = YES;
				CLANG_WARN_RANGE_LOOP_ANALYSIS = YES;
				CLANG_WARN_STRICT_PROTOTYPES = YES;
				CLANG_WARN_SUSPICIOUS_MOVE = YES;
				CLANG_WARN_UNGUARDED_AVAILABILITY = YES_AGGRESSIVE;
				CLANG_WARN_UNREACHABLE_CODE = YES;
				CLANG_WARN__DUPLICATE_METHOD_MATCH = YES;
				COPY_PHASE_STRIP = NO;
				DEBUG_INFORMATION_FORMAT = "dwarf-with-dsym";
				ENABLE_NS_ASSERTIONS = NO;
				ENABLE_STRICT_OBJC_MSGSEND = YES;
				GCC_C_LANGUAGE_STANDARD = gnu11;
				GCC_NO_COMMON_BLOCKS = YES;
				GCC_WARN_64_TO_32_BIT_CONVERSION = YES;
				GCC_WARN_ABOUT_RETURN_TYPE = YES_ERROR;
				GCC_WARN_UNDECLARED_SELECTOR = YES;
				GCC_WARN_UNINITIALIZED_AUTOS = YES_AGGRESSIVE;
				GCC_WARN_UNUSED_FUNCTION = YES;
				GCC_WARN_UNUSED_VARIABLE = YES;
				IPHONEOS_DEPLOYMENT_TARGET = 15.2;
				MTL_ENABLE_DEBUG_INFO = NO;
				MTL_FAST_MATH = YES;
				SDKROOT = iphoneos;
				SWIFT_COMPILATION_MODE = wholemodule;
				SWIFT_OPTIMIZATION_LEVEL = "-O";
				VALIDATE_PRODUCT = YES;
			};
			name = Release;
		};
		A405A9B627C6C318002698D5 /* Debug */ = {
			isa = XCBuildConfiguration;
			baseConfigurationReference = 8B8A46D97B952CBCF83CC85D /* Pods-SportsAppITI.debug.xcconfig */;
			buildSettings = {
				ASSETCATALOG_COMPILER_APPICON_NAME = AppIcon;
				ASSETCATALOG_COMPILER_GLOBAL_ACCENT_COLOR_NAME = AccentColor;
				CODE_SIGN_STYLE = Automatic;
				CURRENT_PROJECT_VERSION = 1;
				DEVELOPMENT_TEAM = 6QBV5R2H9S;
				GENERATE_INFOPLIST_FILE = YES;
				INFOPLIST_FILE = SportsAppITI/Info.plist;
				INFOPLIST_KEY_UIApplicationSupportsIndirectInputEvents = YES;
				INFOPLIST_KEY_UILaunchStoryboardName = LaunchScreen;
				INFOPLIST_KEY_UIMainStoryboardFile = Main;
				INFOPLIST_KEY_UISupportedInterfaceOrientations_iPad = "UIInterfaceOrientationPortrait UIInterfaceOrientationPortraitUpsideDown UIInterfaceOrientationLandscapeLeft UIInterfaceOrientationLandscapeRight";
				INFOPLIST_KEY_UISupportedInterfaceOrientations_iPhone = "UIInterfaceOrientationPortrait UIInterfaceOrientationLandscapeLeft UIInterfaceOrientationLandscapeRight";
				LD_RUNPATH_SEARCH_PATHS = (
					"$(inherited)",
					"@executable_path/Frameworks",
				);
				MARKETING_VERSION = 1.0;
				PRODUCT_BUNDLE_IDENTIFIER = asd.SportsAppITI;
				PRODUCT_NAME = "$(TARGET_NAME)";
				SWIFT_EMIT_LOC_STRINGS = YES;
				SWIFT_VERSION = 5.0;
				TARGETED_DEVICE_FAMILY = "1,2";
			};
			name = Debug;
		};
		A405A9B727C6C318002698D5 /* Release */ = {
			isa = XCBuildConfiguration;
			baseConfigurationReference = BB99E4A6D4A03C0E195C652B /* Pods-SportsAppITI.release.xcconfig */;
			buildSettings = {
				ASSETCATALOG_COMPILER_APPICON_NAME = AppIcon;
				ASSETCATALOG_COMPILER_GLOBAL_ACCENT_COLOR_NAME = AccentColor;
				CODE_SIGN_STYLE = Automatic;
				CURRENT_PROJECT_VERSION = 1;
				DEVELOPMENT_TEAM = 6QBV5R2H9S;
				GENERATE_INFOPLIST_FILE = YES;
				INFOPLIST_FILE = SportsAppITI/Info.plist;
				INFOPLIST_KEY_UIApplicationSupportsIndirectInputEvents = YES;
				INFOPLIST_KEY_UILaunchStoryboardName = LaunchScreen;
				INFOPLIST_KEY_UIMainStoryboardFile = Main;
				INFOPLIST_KEY_UISupportedInterfaceOrientations_iPad = "UIInterfaceOrientationPortrait UIInterfaceOrientationPortraitUpsideDown UIInterfaceOrientationLandscapeLeft UIInterfaceOrientationLandscapeRight";
				INFOPLIST_KEY_UISupportedInterfaceOrientations_iPhone = "UIInterfaceOrientationPortrait UIInterfaceOrientationLandscapeLeft UIInterfaceOrientationLandscapeRight";
				LD_RUNPATH_SEARCH_PATHS = (
					"$(inherited)",
					"@executable_path/Frameworks",
				);
				MARKETING_VERSION = 1.0;
				PRODUCT_BUNDLE_IDENTIFIER = asd.SportsAppITI;
				PRODUCT_NAME = "$(TARGET_NAME)";
				SWIFT_EMIT_LOC_STRINGS = YES;
				SWIFT_VERSION = 5.0;
				TARGETED_DEVICE_FAMILY = "1,2";
			};
			name = Release;
		};
/* End XCBuildConfiguration section */

/* Begin XCConfigurationList section */
		A405A99927C6C316002698D5 /* Build configuration list for PBXProject "SportsAppITI" */ = {
			isa = XCConfigurationList;
			buildConfigurations = (
				A405A9B327C6C318002698D5 /* Debug */,
				A405A9B427C6C318002698D5 /* Release */,
			);
			defaultConfigurationIsVisible = 0;
			defaultConfigurationName = Release;
		};
		A405A9B527C6C318002698D5 /* Build configuration list for PBXNativeTarget "SportsAppITI" */ = {
			isa = XCConfigurationList;
			buildConfigurations = (
				A405A9B627C6C318002698D5 /* Debug */,
				A405A9B727C6C318002698D5 /* Release */,
			);
			defaultConfigurationIsVisible = 0;
			defaultConfigurationName = Release;
		};
/* End XCConfigurationList section */

/* Begin XCVersionGroup section */
		A405A9AA27C6C316002698D5 /* SportsAppITI.xcdatamodeld */ = {
			isa = XCVersionGroup;
			children = (
				A405A9AB27C6C316002698D5 /* SportsAppITI.xcdatamodel */,
			);
			currentVersion = A405A9AB27C6C316002698D5 /* SportsAppITI.xcdatamodel */;
			path = SportsAppITI.xcdatamodeld;
			sourceTree = "<group>";
			versionGroupType = wrapper.xcdatamodel;
		};
/* End XCVersionGroup section */
	};
	rootObject = A405A99627C6C316002698D5 /* Project object */;
}
